
Microsoft Visual Studio Solution File, Format Version 12.00
# Visual Studio 15
VisualStudioVersion = 15.0.27428.2037
MinimumVisualStudioVersion = 10.0.40219.1
Project("{FAE04EC0-301F-11D3-BF4B-00C04F79EFBC}") = "EF6-TestApplication", "EF6-TestApplication\EF6-TestApplication.csproj", "{0E7B7052-7793-4318-9C7B-BE45DE5D4067}"
EndProject
Global
	GlobalSection(SolutionConfigurationPlatforms) = preSolution
		Debug|Any CPU = Debug|Any CPU
		Release|Any CPU = Release|Any CPU
	EndGlobalSection
	GlobalSection(ProjectConfigurationPlatforms) = postSolution
		{0E7B7052-7793-4318-9C7B-BE45DE5D4067}.Debug|Any CPU.ActiveCfg = Debug|Any CPU
		{0E7B7052-7793-4318-9C7B-BE45DE5D4067}.Debug|Any CPU.Build.0 = Debug|Any CPU
		{0E7B7052-7793-4318-9C7B-BE45DE5D4067}.Release|Any CPU.ActiveCfg = Release|Any CPU
		{0E7B7052-7793-4318-9C7B-BE45DE5D4067}.Release|Any CPU.Build.0 = Release|Any CPU
	EndGlobalSection
	GlobalSection(SolutionProperties) = preSolution
		HideSolutionNode = FALSE
	EndGlobalSection
	GlobalSection(ExtensibilityGlobals) = postSolution
		SolutionGuid = {DC9D95D1-03D2-413A-AAF9-2E520C7801A0}
	EndGlobalSection
EndGlobal
